
Microsoft Visual Studio Solution File, Format Version 12.00
# Visual Studio 15
VisualStudioVersion = 15.0.28307.421
MinimumVisualStudioVersion = 10.0.40219.1
Project("{9A19103F-16F7-4668-BE54-9A1E7A4F7556}") = "AWS_FileProcessing", "AWS_FileProcessing\AWS_FileProcessing.csproj", "{3809D735-FBC3-49F9-9C87-E52F43C74D99}"
EndProject
Project("{9A19103F-16F7-4668-BE54-9A1E7A4F7556}") = "AWS_S3_FilleProcessingLib", "AWS_S3_FilleProcessingLib\AWS_S3_FilleProcessingLib.csproj", "{16239901-FA53-4D82-9A67-30EBEC434951}"
EndProject
Project("{9A19103F-16F7-4668-BE54-9A1E7A4F7556}") = "S3_FilesProcessingUIWebApp", "S3_FilesProcessingUIWebApp\S3_FilesProcessingUIWebApp.csproj", "{FCEDCAEC-EE5D-4153-BE82-EC0D6A829681}"
EndProject
Project("{FAE04EC0-301F-11D3-BF4B-00C04F79EFBC}") = "FilesProcessingWorkerApi", "FilesProcessingWorkerApi\FilesProcessingWorkerApi.csproj", "{669DB4AB-0D09-4D1A-8D2B-70B9D9C69523}"
EndProject
Global
	GlobalSection(SolutionConfigurationPlatforms) = preSolution
		Debug|Any CPU = Debug|Any CPU
		Release|Any CPU = Release|Any CPU
	EndGlobalSection
	GlobalSection(ProjectConfigurationPlatforms) = postSolution
		{3809D735-FBC3-49F9-9C87-E52F43C74D99}.Debug|Any CPU.ActiveCfg = Debug|Any CPU
		{3809D735-FBC3-49F9-9C87-E52F43C74D99}.Debug|Any CPU.Build.0 = Debug|Any CPU
		{3809D735-FBC3-49F9-9C87-E52F43C74D99}.Release|Any CPU.ActiveCfg = Release|Any CPU
		{3809D735-FBC3-49F9-9C87-E52F43C74D99}.Release|Any CPU.Build.0 = Release|Any CPU
		{16239901-FA53-4D82-9A67-30EBEC434951}.Debug|Any CPU.ActiveCfg = Debug|Any CPU
		{16239901-FA53-4D82-9A67-30EBEC434951}.Debug|Any CPU.Build.0 = Debug|Any CPU
		{16239901-FA53-4D82-9A67-30EBEC434951}.Release|Any CPU.ActiveCfg = Release|Any CPU
		{16239901-FA53-4D82-9A67-30EBEC434951}.Release|Any CPU.Build.0 = Release|Any CPU
		{FCEDCAEC-EE5D-4153-BE82-EC0D6A829681}.Debug|Any CPU.ActiveCfg = Debug|Any CPU
		{FCEDCAEC-EE5D-4153-BE82-EC0D6A829681}.Debug|Any CPU.Build.0 = Debug|Any CPU
		{FCEDCAEC-EE5D-4153-BE82-EC0D6A829681}.Release|Any CPU.ActiveCfg = Release|Any CPU
		{FCEDCAEC-EE5D-4153-BE82-EC0D6A829681}.Release|Any CPU.Build.0 = Release|Any CPU
		{669DB4AB-0D09-4D1A-8D2B-70B9D9C69523}.Debug|Any CPU.ActiveCfg = Debug|Any CPU
		{669DB4AB-0D09-4D1A-8D2B-70B9D9C69523}.Debug|Any CPU.Build.0 = Debug|Any CPU
		{669DB4AB-0D09-4D1A-8D2B-70B9D9C69523}.Release|Any CPU.ActiveCfg = Release|Any CPU
		{669DB4AB-0D09-4D1A-8D2B-70B9D9C69523}.Release|Any CPU.Build.0 = Release|Any CPU
	EndGlobalSection
	GlobalSection(SolutionProperties) = preSolution
		HideSolutionNode = FALSE
	EndGlobalSection
	GlobalSection(ExtensibilityGlobals) = postSolution
		SolutionGuid = {7C2D522E-F161-4597-A456-7DFF65F2CF9B}
	EndGlobalSection
EndGlobal
